{
  "name": "madeira",
  "version": "0.0.3",
  "lockfileVersion": 3,
  "requires": true,
  "packages": {
    "": {
      "name": "madeira",
      "version": "0.0.3",
      "license": "UNLICENSED",
      "dependencies": {
        "coloraljs": "github:kruceo/coloraljs",
        "pipocajs": "github:kruceo/pipocajs"
      },
      "devDependencies": {
        "rollup": "^3.20.6"
      }
    },
    "node_modules/coloraljs": {
      "version": "0.0.3",
      "resolved": "git+ssh://git@github.com/kruceo/coloraljs.git#b9a2ee63f4202b7cb88c41639819651e06456dc1",
      "license": "UNLICENSED"
    },
    "node_modules/fsevents": {
      "version": "2.3.2",
      "resolved": "https://registry.npmjs.org/fsevents/-/fsevents-2.3.2.tgz",
      "integrity": "sha512-xiqMQR4xAeHTuB9uWm+fFRcIOgKBMiOBP+eXiyT7jsgVCq1bkVygt00oASowB7EdtpOHaaPgKt812P9ab+DDKA==",
      "dev": true,
      "hasInstallScript": true,
      "optional": true,
      "os": [
        "darwin"
      ],
      "engines": {
        "node": "^8.16.0 || ^10.6.0 || >=11.0.0"
      }
    },
    "node_modules/pipocajs": {
      "version": "0.5.7",
      "resolved": "git+ssh://git@github.com/kruceo/pipocajs.git#4517d8f448d864c65bb7597d4b39830b0f466e72",
      "license": "ISC",
      "dependencies": {
        "coloraljs": "github:kruceo/coloraljs"
      },
      "bin": {
        "pipoca": "src/bin/start.js",
        "ppc": "src/bin/start.js"
      }
    },
    "node_modules/rollup": {
      "version": "3.20.6",
      "resolved": "https://registry.npmjs.org/rollup/-/rollup-3.20.6.tgz",
      "integrity": "sha512-2yEB3nQXp/tBQDN0hJScJQheXdvU2wFhh6ld7K/aiZ1vYcak6N/BKjY1QrU6BvO2JWYS8bEs14FRaxXosxy2zw==",
      "dev": true,
      "bin": {
        "rollup": "dist/bin/rollup"
      },
      "engines": {
        "node": ">=14.18.0",
        "npm": ">=8.0.0"
      },
      "optionalDependencies": {
        "fsevents": "~2.3.2"
      }
    }
  }
}